
Microsoft Visual Studio Solution File, Format Version 12.00
# Visual Studio Version 17
VisualStudioVersion = 17.14.36221.1 d17.14
MinimumVisualStudioVersion = 10.0.40219.1
Project("{FAE04EC0-301F-11D3-BF4B-00C04F79EFBC}") = "Ecommerce.Api", "Ecommerce.Api.csproj", "{514F4323-74D3-4ADA-8AE3-9EA579CC9F7D}"
EndProject
Global
	GlobalSection(SolutionConfigurationPlatforms) = preSolution
		Debug|Any CPU = Debug|Any CPU
		Release|Any CPU = Release|Any CPU
	EndGlobalSection
	GlobalSection(ProjectConfigurationPlatforms) = postSolution
		{514F4323-74D3-4ADA-8AE3-9EA579CC9F7D}.Debug|Any CPU.ActiveCfg = Debug|Any CPU
		{514F4323-74D3-4ADA-8AE3-9EA579CC9F7D}.Debug|Any CPU.Build.0 = Debug|Any CPU
		{514F4323-74D3-4ADA-8AE3-9EA579CC9F7D}.Release|Any CPU.ActiveCfg = Release|Any CPU
		{514F4323-74D3-4ADA-8AE3-9EA579CC9F7D}.Release|Any CPU.Build.0 = Release|Any CPU
	EndGlobalSection
	GlobalSection(SolutionProperties) = preSolution
		HideSolutionNode = FALSE
	EndGlobalSection
	GlobalSection(ExtensibilityGlobals) = postSolution
		SolutionGuid = {1F555926-A214-4AA8-8FEA-A44FC35F589C}
	EndGlobalSection
EndGlobal
